
Microsoft Visual Studio Solution File, Format Version 12.00
# Visual Studio Version 17
VisualStudioVersion = 17.13.35931.197 d17.13
MinimumVisualStudioVersion = 10.0.40219.1
Project("{2150E333-8FDC-42A3-9474-1A3956D46DE8}") = "Api", "Api", "{02EA681E-C7D8-13C7-8484-4AC65E1B71E8}"
EndProject
Project("{2150E333-8FDC-42A3-9474-1A3956D46DE8}") = "Application", "Application", "{839E8FEA-C30A-4CC6-A217-3CFAEE396A46}"
EndProject
Project("{2150E333-8FDC-42A3-9474-1A3956D46DE8}") = "Domain", "Domain", "{651FE7E1-FDDB-4F77-9FC2-F07D9AEE47BA}"
EndProject
Project("{2150E333-8FDC-42A3-9474-1A3956D46DE8}") = "Infraestructure", "Infraestructure", "{8E8DFE4D-B082-4A76-9DAE-928CB6DCA4A0}"
EndProject
Project("{FAE04EC0-301F-11D3-BF4B-00C04F79EFBC}") = "FleetManager.Api", "FleetManager.Api\FleetManager.Api.csproj", "{AF5FC0AD-BB8B-4FB8-9B51-FC486F99C195}"
EndProject
Project("{FAE04EC0-301F-11D3-BF4B-00C04F79EFBC}") = "FleetManager.Application", "FleetManager.Application\FleetManager.Application.csproj", "{3DE232ED-F051-44D3-8CCC-9CB2317413E2}"
EndProject
Project("{FAE04EC0-301F-11D3-BF4B-00C04F79EFBC}") = "FleetManager.Domain", "FleetManager.Domain\FleetManager.Domain.csproj", "{9575A877-030A-4213-A980-FEC7FFBFAC96}"
EndProject
Project("{2150E333-8FDC-42A3-9474-1A3956D46DE8}") = "Persistence", "Persistence", "{FF528A92-7CFF-43E5-9496-B009809B8042}"
EndProject
Project("{2150E333-8FDC-42A3-9474-1A3956D46DE8}") = "Mysql", "Mysql", "{7D116AFD-2EB2-4652-B743-EA61BA9B1B7C}"
EndProject
Project("{FAE04EC0-301F-11D3-BF4B-00C04F79EFBC}") = "FleetManager.Infrastructure.Persistence.Mysql", "FleetManager.Infrastructure.Persistence.Mysql\FleetManager.Infrastructure.Persistence.Mysql.csproj", "{2D52CBB8-64F8-4613-816D-B3E6D5BBB3B6}"
EndProject
Global
	GlobalSection(SolutionConfigurationPlatforms) = preSolution
		Debug|Any CPU = Debug|Any CPU
		Release|Any CPU = Release|Any CPU
	EndGlobalSection
	GlobalSection(ProjectConfigurationPlatforms) = postSolution
		{AF5FC0AD-BB8B-4FB8-9B51-FC486F99C195}.Debug|Any CPU.ActiveCfg = Debug|Any CPU
		{AF5FC0AD-BB8B-4FB8-9B51-FC486F99C195}.Debug|Any CPU.Build.0 = Debug|Any CPU
		{AF5FC0AD-BB8B-4FB8-9B51-FC486F99C195}.Release|Any CPU.ActiveCfg = Release|Any CPU
		{AF5FC0AD-BB8B-4FB8-9B51-FC486F99C195}.Release|Any CPU.Build.0 = Release|Any CPU
		{3DE232ED-F051-44D3-8CCC-9CB2317413E2}.Debug|Any CPU.ActiveCfg = Debug|Any CPU
		{3DE232ED-F051-44D3-8CCC-9CB2317413E2}.Debug|Any CPU.Build.0 = Debug|Any CPU
		{3DE232ED-F051-44D3-8CCC-9CB2317413E2}.Release|Any CPU.ActiveCfg = Release|Any CPU
		{3DE232ED-F051-44D3-8CCC-9CB2317413E2}.Release|Any CPU.Build.0 = Release|Any CPU
		{9575A877-030A-4213-A980-FEC7FFBFAC96}.Debug|Any CPU.ActiveCfg = Debug|Any CPU
		{9575A877-030A-4213-A980-FEC7FFBFAC96}.Debug|Any CPU.Build.0 = Debug|Any CPU
		{9575A877-030A-4213-A980-FEC7FFBFAC96}.Release|Any CPU.ActiveCfg = Release|Any CPU
		{9575A877-030A-4213-A980-FEC7FFBFAC96}.Release|Any CPU.Build.0 = Release|Any CPU
		{2D52CBB8-64F8-4613-816D-B3E6D5BBB3B6}.Debug|Any CPU.ActiveCfg = Debug|Any CPU
		{2D52CBB8-64F8-4613-816D-B3E6D5BBB3B6}.Debug|Any CPU.Build.0 = Debug|Any CPU
		{2D52CBB8-64F8-4613-816D-B3E6D5BBB3B6}.Release|Any CPU.ActiveCfg = Release|Any CPU
		{2D52CBB8-64F8-4613-816D-B3E6D5BBB3B6}.Release|Any CPU.Build.0 = Release|Any CPU
	EndGlobalSection
	GlobalSection(SolutionProperties) = preSolution
		HideSolutionNode = FALSE
	EndGlobalSection
	GlobalSection(NestedProjects) = preSolution
		{AF5FC0AD-BB8B-4FB8-9B51-FC486F99C195} = {02EA681E-C7D8-13C7-8484-4AC65E1B71E8}
		{3DE232ED-F051-44D3-8CCC-9CB2317413E2} = {839E8FEA-C30A-4CC6-A217-3CFAEE396A46}
		{9575A877-030A-4213-A980-FEC7FFBFAC96} = {651FE7E1-FDDB-4F77-9FC2-F07D9AEE47BA}
		{FF528A92-7CFF-43E5-9496-B009809B8042} = {8E8DFE4D-B082-4A76-9DAE-928CB6DCA4A0}
		{7D116AFD-2EB2-4652-B743-EA61BA9B1B7C} = {FF528A92-7CFF-43E5-9496-B009809B8042}
		{2D52CBB8-64F8-4613-816D-B3E6D5BBB3B6} = {7D116AFD-2EB2-4652-B743-EA61BA9B1B7C}
	EndGlobalSection
	GlobalSection(ExtensibilityGlobals) = postSolution
		SolutionGuid = {08F527F7-78E8-41A4-87DD-150C8580190F}
	EndGlobalSection
EndGlobal
